// !$*UTF8*$!
{
	archiveVersion = 1;
	classes = {
	};
	objectVersion = 56;
	objects = {

/* Begin PBXBuildFile section */
		BC374A382C8C6868002184FD /* MovieBookingView.swift in Sources */ = {isa = PBXBuildFile; fileRef = BC374A372C8C6868002184FD /* MovieBookingView.swift */; };
		BC770B1A2C8E442E00C74AB4 /* ExtensionMovieBookingView.swift in Sources */ = {isa = PBXBuildFile; fileRef = BC770B192C8E442E00C74AB4 /* ExtensionMovieBookingView.swift */; };
		BC770B1D2C8E447700C74AB4 /* MovieBookingViewDelegate.swift in Sources */ = {isa = PBXBuildFile; fileRef = BC770B1C2C8E447700C74AB4 /* MovieBookingViewDelegate.swift */; };
		BC8174DE2C8B5B930093920F /* AppDelegate.swift in Sources */ = {isa = PBXBuildFile; fileRef = BC8174DD2C8B5B930093920F /* AppDelegate.swift */; };
		BC8174E02C8B5B930093920F /* SceneDelegate.swift in Sources */ = {isa = PBXBuildFile; fileRef = BC8174DF2C8B5B930093920F /* SceneDelegate.swift */; };
		BC8174E22C8B5B930093920F /* ViewController.swift in Sources */ = {isa = PBXBuildFile; fileRef = BC8174E12C8B5B930093920F /* ViewController.swift */; };
		BC8174E72C8B5B940093920F /* Assets.xcassets in Resources */ = {isa = PBXBuildFile; fileRef = BC8174E62C8B5B940093920F /* Assets.xcassets */; };
		BC8174EA2C8B5B940093920F /* Base in Resources */ = {isa = PBXBuildFile; fileRef = BC8174E92C8B5B940093920F /* Base */; };
		BC8174F42C8B5C2D0093920F /* Model.swift in Sources */ = {isa = PBXBuildFile; fileRef = BC8174F32C8B5C2D0093920F /* Model.swift */; };
		BC8174F62C8B5C970093920F /* MainScreenViewController.swift in Sources */ = {isa = PBXBuildFile; fileRef = BC8174F52C8B5C970093920F /* MainScreenViewController.swift */; };
		BC8174FA2C8B6ECE0093920F /* MovieCollectionViewCell.swift in Sources */ = {isa = PBXBuildFile; fileRef = BC8174F92C8B6ECE0093920F /* MovieCollectionViewCell.swift */; };
		BC8174FC2C8B88010093920F /* MovieDataManager.swift in Sources */ = {isa = PBXBuildFile; fileRef = BC8174FB2C8B88010093920F /* MovieDataManager.swift */; };
		BC8174FE2C8B8C740093920F /* jsonformatter.json in Resources */ = {isa = PBXBuildFile; fileRef = BC8174FD2C8B8C740093920F /* jsonformatter.json */; };
		BC8175002C8C33CC0093920F /* MovieDetailsViewController.swift in Sources */ = {isa = PBXBuildFile; fileRef = BC8174FF2C8C33CC0093920F /* MovieDetailsViewController.swift */; };
		BC8175022C8C37660093920F /* BookingViewController.swift in Sources */ = {isa = PBXBuildFile; fileRef = BC8175012C8C37660093920F /* BookingViewController.swift */; };
/* End PBXBuildFile section */

/* Begin PBXFileReference section */
		BC374A372C8C6868002184FD /* MovieBookingView.swift */ = {isa = PBXFileReference; lastKnownFileType = sourcecode.swift; path = MovieBookingView.swift; sourceTree = "<group>"; };
		BC770B192C8E442E00C74AB4 /* ExtensionMovieBookingView.swift */ = {isa = PBXFileReference; lastKnownFileType = sourcecode.swift; path = ExtensionMovieBookingView.swift; sourceTree = "<group>"; };
		BC770B1C2C8E447700C74AB4 /* MovieBookingViewDelegate.swift */ = {isa = PBXFileReference; lastKnownFileType = sourcecode.swift; path = MovieBookingViewDelegate.swift; sourceTree = "<group>"; };
		BC8174DA2C8B5B930093920F /* InoxApp.app */ = {isa = PBXFileReference; explicitFileType = wrapper.application; includeInIndex = 0; path = InoxApp.app; sourceTree = BUILT_PRODUCTS_DIR; };
		BC8174DD2C8B5B930093920F /* AppDelegate.swift */ = {isa = PBXFileReference; lastKnownFileType = sourcecode.swift; path = AppDelegate.swift; sourceTree = "<group>"; };
		BC8174DF2C8B5B930093920F /* SceneDelegate.swift */ = {isa = PBXFileReference; lastKnownFileType = sourcecode.swift; path = SceneDelegate.swift; sourceTree = "<group>"; };
		BC8174E12C8B5B930093920F /* ViewController.swift */ = {isa = PBXFileReference; lastKnownFileType = sourcecode.swift; path = ViewController.swift; sourceTree = "<group>"; };
		BC8174E62C8B5B940093920F /* Assets.xcassets */ = {isa = PBXFileReference; lastKnownFileType = folder.assetcatalog; path = Assets.xcassets; sourceTree = "<group>"; };
		BC8174E92C8B5B940093920F /* Base */ = {isa = PBXFileReference; lastKnownFileType = file.storyboard; name = Base; path = Base.lproj/LaunchScreen.storyboard; sourceTree = "<group>"; };
		BC8174EB2C8B5B940093920F /* Info.plist */ = {isa = PBXFileReference; lastKnownFileType = text.plist.xml; path = Info.plist; sourceTree = "<group>"; };
		BC8174F32C8B5C2D0093920F /* Model.swift */ = {isa = PBXFileReference; lastKnownFileType = sourcecode.swift; path = Model.swift; sourceTree = "<group>"; };
		BC8174F52C8B5C970093920F /* MainScreenViewController.swift */ = {isa = PBXFileReference; lastKnownFileType = sourcecode.swift; path = MainScreenViewController.swift; sourceTree = "<group>"; };
		BC8174F92C8B6ECE0093920F /* MovieCollectionViewCell.swift */ = {isa = PBXFileReference; lastKnownFileType = sourcecode.swift; path = MovieCollectionViewCell.swift; sourceTree = "<group>"; };
		BC8174FB2C8B88010093920F /* MovieDataManager.swift */ = {isa = PBXFileReference; lastKnownFileType = sourcecode.swift; path = MovieDataManager.swift; sourceTree = "<group>"; };
		BC8174FD2C8B8C740093920F /* jsonformatter.json */ = {isa = PBXFileReference; fileEncoding = 4; lastKnownFileType = text.json; path = jsonformatter.json; sourceTree = "<group>"; };
		BC8174FF2C8C33CC0093920F /* MovieDetailsViewController.swift */ = {isa = PBXFileReference; lastKnownFileType = sourcecode.swift; path = MovieDetailsViewController.swift; sourceTree = "<group>"; };
		BC8175012C8C37660093920F /* BookingViewController.swift */ = {isa = PBXFileReference; lastKnownFileType = sourcecode.swift; path = BookingViewController.swift; sourceTree = "<group>"; };
/* End PBXFileReference section */

/* Begin PBXFrameworksBuildPhase section */
		BC8174D72C8B5B930093920F /* Frameworks */ = {
			isa = PBXFrameworksBuildPhase;
			buildActionMask = 2147483647;
			files = (
			);
			runOnlyForDeploymentPostprocessing = 0;
		};
/* End PBXFrameworksBuildPhase section */

/* Begin PBXGroup section */
		BC374A392C8CD0D4002184FD /* ViewControllers */ = {
			isa = PBXGroup;
			children = (
				BC8174F52C8B5C970093920F /* MainScreenViewController.swift */,
				BC8175012C8C37660093920F /* BookingViewController.swift */,
				BC8174FF2C8C33CC0093920F /* MovieDetailsViewController.swift */,
				BCDA3EE42C8D6E1B0074E1E9 /* Extensions */,
				BC374A3E2C8CD134002184FD /* Views */,
				BC770B1B2C8E445E00C74AB4 /* Protocals */,
			);
			path = ViewControllers;
			sourceTree = "<group>";
		};
		BC374A3A2C8CD0F1002184FD /* Cells */ = {
			isa = PBXGroup;
			children = (
				BC8174F92C8B6ECE0093920F /* MovieCollectionViewCell.swift */,
			);
			path = Cells;
			sourceTree = "<group>";
		};
		BC374A3B2C8CD100002184FD /* MODEL */ = {
			isa = PBXGroup;
			children = (
				BC8174F32C8B5C2D0093920F /* Model.swift */,
			);
			path = MODEL;
			sourceTree = "<group>";
		};
		BC374A3C2C8CD10D002184FD /* Service */ = {
			isa = PBXGroup;
			children = (
				BC8174FB2C8B88010093920F /* MovieDataManager.swift */,
			);
			path = Service;
			sourceTree = "<group>";
		};
		BC374A3E2C8CD134002184FD /* Views */ = {
			isa = PBXGroup;
			children = (
				BC374A372C8C6868002184FD /* MovieBookingView.swift */,
			);
			path = Views;
			sourceTree = "<group>";
		};
		BC770B182C8E43D100C74AB4 /* Resources */ = {
			isa = PBXGroup;
			children = (
				BC8174FD2C8B8C740093920F /* jsonformatter.json */,
			);
			path = Resources;
			sourceTree = "<group>";
		};
		BC770B1B2C8E445E00C74AB4 /* Protocals */ = {
			isa = PBXGroup;
			children = (
				BC770B1C2C8E447700C74AB4 /* MovieBookingViewDelegate.swift */,
			);
			path = Protocals;
			sourceTree = "<group>";
		};
		BC8174D12C8B5B930093920F = {
			isa = PBXGroup;
			children = (
				BC8174DC2C8B5B930093920F /* InoxApp */,
				BC8174DB2C8B5B930093920F /* Products */,
			);
			sourceTree = "<group>";
		};
		BC8174DB2C8B5B930093920F /* Products */ = {
			isa = PBXGroup;
			children = (
				BC8174DA2C8B5B930093920F /* InoxApp.app */,
			);
			name = Products;
			sourceTree = "<group>";
		};
		BC8174DC2C8B5B930093920F /* InoxApp */ = {
			isa = PBXGroup;
			children = (
				BC8174EB2C8B5B940093920F /* Info.plist */,
				BC770B182C8E43D100C74AB4 /* Resources */,
				BC374A3C2C8CD10D002184FD /* Service */,
				BC374A3B2C8CD100002184FD /* MODEL */,
				BC374A3A2C8CD0F1002184FD /* Cells */,
				BC374A392C8CD0D4002184FD /* ViewControllers */,
				BC8174DD2C8B5B930093920F /* AppDelegate.swift */,
				BC8174DF2C8B5B930093920F /* SceneDelegate.swift */,
				BC8174E12C8B5B930093920F /* ViewController.swift */,
				BC8174E62C8B5B940093920F /* Assets.xcassets */,
				BC8174E82C8B5B940093920F /* LaunchScreen.storyboard */,
			);
			path = InoxApp;
			sourceTree = "<group>";
		};
		BCDA3EE42C8D6E1B0074E1E9 /* Extensions */ = {
			isa = PBXGroup;
			children = (
				BC770B192C8E442E00C74AB4 /* ExtensionMovieBookingView.swift */,
			);
			path = Extensions;
			sourceTree = "<group>";
		};
/* End PBXGroup section */

/* Begin PBXNativeTarget section */
		BC8174D92C8B5B930093920F /* InoxApp */ = {
			isa = PBXNativeTarget;
			buildConfigurationList = BC8174EE2C8B5B940093920F /* Build configuration list for PBXNativeTarget "InoxApp" */;
			buildPhases = (
				BC8174D62C8B5B930093920F /* Sources */,
				BC8174D72C8B5B930093920F /* Frameworks */,
				BC8174D82C8B5B930093920F /* Resources */,
			);
			buildRules = (
			);
			dependencies = (
			);
			name = InoxApp;
			productName = InoxApp;
			productReference = BC8174DA2C8B5B930093920F /* InoxApp.app */;
			productType = "com.apple.product-type.application";
		};
/* End PBXNativeTarget section */

/* Begin PBXProject section */
		BC8174D22C8B5B930093920F /* Project object */ = {
			isa = PBXProject;
			attributes = {
				BuildIndependentTargetsInParallel = 1;
				LastSwiftUpdateCheck = 1540;
				LastUpgradeCheck = 1540;
				TargetAttributes = {
					BC8174D92C8B5B930093920F = {
						CreatedOnToolsVersion = 15.4;
					};
				};
			};
			buildConfigurationList = BC8174D52C8B5B930093920F /* Build configuration list for PBXProject "InoxApp" */;
			compatibilityVersion = "Xcode 14.0";
			developmentRegion = en;
			hasScannedForEncodings = 0;
			knownRegions = (
				en,
				Base,
			);
			mainGroup = BC8174D12C8B5B930093920F;
			productRefGroup = BC8174DB2C8B5B930093920F /* Products */;
			projectDirPath = "";
			projectRoot = "";
			targets = (
				BC8174D92C8B5B930093920F /* InoxApp */,
			);
		};
/* End PBXProject section */

/* Begin PBXResourcesBuildPhase section */
		BC8174D82C8B5B930093920F /* Resources */ = {
			isa = PBXResourcesBuildPhase;
			buildActionMask = 2147483647;
			files = (
				BC8174FE2C8B8C740093920F /* jsonformatter.json in Resources */,
				BC8174E72C8B5B940093920F /* Assets.xcassets in Resources */,
				BC8174EA2C8B5B940093920F /* Base in Resources */,
			);
			runOnlyForDeploymentPostprocessing = 0;
		};
/* End PBXResourcesBuildPhase section */

/* Begin PBXSourcesBuildPhase section */
		BC8174D62C8B5B930093920F /* Sources */ = {
			isa = PBXSourcesBuildPhase;
			buildActionMask = 2147483647;
			files = (
				BC770B1A2C8E442E00C74AB4 /* ExtensionMovieBookingView.swift in Sources */,
				BC8174F62C8B5C970093920F /* MainScreenViewController.swift in Sources */,
				BC374A382C8C6868002184FD /* MovieBookingView.swift in Sources */,
				BC8175002C8C33CC0093920F /* MovieDetailsViewController.swift in Sources */,
				BC8174E22C8B5B930093920F /* ViewController.swift in Sources */,
				BC8174DE2C8B5B930093920F /* AppDelegate.swift in Sources */,
				BC8174FA2C8B6ECE0093920F /* MovieCollectionViewCell.swift in Sources */,
				BC8174E02C8B5B930093920F /* SceneDelegate.swift in Sources */,
				BC770B1D2C8E447700C74AB4 /* MovieBookingViewDelegate.swift in Sources */,
				BC8174FC2C8B88010093920F /* MovieDataManager.swift in Sources */,
				BC8175022C8C37660093920F /* BookingViewController.swift in Sources */,
				BC8174F42C8B5C2D0093920F /* Model.swift in Sources */,
			);
			runOnlyForDeploymentPostprocessing = 0;
		};
/* End PBXSourcesBuildPhase section */

/* Begin PBXVariantGroup section */
		BC8174E82C8B5B940093920F /* LaunchScreen.storyboard */ = {
			isa = PBXVariantGroup;
			children = (
				BC8174E92C8B5B940093920F /* Base */,
			);
			name = LaunchScreen.storyboard;
			sourceTree = "<group>";
		};
/* End PBXVariantGroup section */

/* Begin XCBuildConfiguration section */
		BC8174EC2C8B5B940093920F /* Debug */ = {
			isa = XCBuildConfiguration;
			buildSettings = {
				ALWAYS_SEARCH_USER_PATHS = NO;
				ASSETCATALOG_COMPILER_GENERATE_SWIFT_ASSET_SYMBOL_EXTENSIONS = YES;
				CLANG_ANALYZER_NONNULL = YES;
				CLANG_ANALYZER_NUMBER_OBJECT_CONVERSION = YES_AGGRESSIVE;
				CLANG_CXX_LANGUAGE_STANDARD = "gnu++20";
				CLANG_ENABLE_MODULES = YES;
				CLANG_ENABLE_OBJC_ARC = YES;
				CLANG_ENABLE_OBJC_WEAK = YES;
				CLANG_WARN_BLOCK_CAPTURE_AUTORELEASING = YES;
				CLANG_WARN_BOOL_CONVERSION = YES;
				CLANG_WARN_COMMA = YES;
				CLANG_WARN_CONSTANT_CONVERSION = YES;
				CLANG_WARN_DEPRECATED_OBJC_IMPLEMENTATIONS = YES;
				CLANG_WARN_DIRECT_OBJC_ISA_USAGE = YES_ERROR;
				CLANG_WARN_DOCUMENTATION_COMMENTS = YES;
				CLANG_WARN_EMPTY_BODY = YES;
				CLANG_WARN_ENUM_CONVERSION = YES;
				CLANG_WARN_INFINITE_RECURSION = YES;
				CLANG_WARN_INT_CONVERSION = YES;
				CLANG_WARN_NON_LITERAL_NULL_CONVERSION = YES;
				CLANG_WARN_OBJC_IMPLICIT_RETAIN_SELF = YES;
				CLANG_WARN_OBJC_LITERAL_CONVERSION = YES;
				CLANG_WARN_OBJC_ROOT_CLASS = YES_ERROR;
				CLANG_WARN_QUOTED_INCLUDE_IN_FRAMEWORK_HEADER = YES;
				CLANG_WARN_RANGE_LOOP_ANALYSIS = YES;
				CLANG_WARN_STRICT_PROTOTYPES = YES;
				CLANG_WARN_SUSPICIOUS_MOVE = YES;
				CLANG_WARN_UNGUARDED_AVAILABILITY = YES_AGGRESSIVE;
				CLANG_WARN_UNREACHABLE_CODE = YES;
				CLANG_WARN__DUPLICATE_METHOD_MATCH = YES;
				COPY_PHASE_STRIP = NO;
				DEBUG_INFORMATION_FORMAT = dwarf;
				ENABLE_STRICT_OBJC_MSGSEND = YES;
				ENABLE_TESTABILITY = YES;
				ENABLE_USER_SCRIPT_SANDBOXING = YES;
				GCC_C_LANGUAGE_STANDARD = gnu17;
				GCC_DYNAMIC_NO_PIC = NO;
				GCC_NO_COMMON_BLOCKS = YES;
				GCC_OPTIMIZATION_LEVEL = 0;
				GCC_PREPROCESSOR_DEFINITIONS = (
					"DEBUG=1",
					"$(inherited)",
				);
				GCC_WARN_64_TO_32_BIT_CONVERSION = YES;
				GCC_WARN_ABOUT_RETURN_TYPE = YES_ERROR;
				GCC_WARN_UNDECLARED_SELECTOR = YES;
				GCC_WARN_UNINITIALIZED_AUTOS = YES_AGGRESSIVE;
				GCC_WARN_UNUSED_FUNCTION = YES;
				GCC_WARN_UNUSED_VARIABLE = YES;
				IPHONEOS_DEPLOYMENT_TARGET = 17.5;
				LOCALIZATION_PREFERS_STRING_CATALOGS = YES;
				MTL_ENABLE_DEBUG_INFO = INCLUDE_SOURCE;
				MTL_FAST_MATH = YES;
				ONLY_ACTIVE_ARCH = YES;
				SDKROOT = iphoneos;
				SWIFT_ACTIVE_COMPILATION_CONDITIONS = "DEBUG $(inherited)";
				SWIFT_OPTIMIZATION_LEVEL = "-Onone";
			};
			name = Debug;
		};
		BC8174ED2C8B5B940093920F /* Release */ = {
			isa = XCBuildConfiguration;
			buildSettings = {
				ALWAYS_SEARCH_USER_PATHS = NO;
				ASSETCATALOG_COMPILER_GENERATE_SWIFT_ASSET_SYMBOL_EXTENSIONS = YES;
				CLANG_ANALYZER_NONNULL = YES;
				CLANG_ANALYZER_NUMBER_OBJECT_CONVERSION = YES_AGGRESSIVE;
				CLANG_CXX_LANGUAGE_STANDARD = "gnu++20";
				CLANG_ENABLE_MODULES = YES;
				CLANG_ENABLE_OBJC_ARC = YES;
				CLANG_ENABLE_OBJC_WEAK = YES;
				CLANG_WARN_BLOCK_CAPTURE_AUTORELEASING = YES;
				CLANG_WARN_BOOL_CONVERSION = YES;
				CLANG_WARN_COMMA = YES;
				CLANG_WARN_CONSTANT_CONVERSION = YES;
				CLANG_WARN_DEPRECATED_OBJC_IMPLEMENTATIONS = YES;
				CLANG_WARN_DIRECT_OBJC_ISA_USAGE = YES_ERROR;
				CLANG_WARN_DOCUMENTATION_COMMENTS = YES;
				CLANG_WARN_EMPTY_BODY = YES;
				CLANG_WARN_ENUM_CONVERSION = YES;
				CLANG_WARN_INFINITE_RECURSION = YES;
				CLANG_WARN_INT_CONVERSION = YES;
				CLANG_WARN_NON_LITERAL_NULL_CONVERSION = YES;
				CLANG_WARN_OBJC_IMPLICIT_RETAIN_SELF = YES;
				CLANG_WARN_OBJC_LITERAL_CONVERSION = YES;
				CLANG_WARN_OBJC_ROOT_CLASS = YES_ERROR;
				CLANG_WARN_QUOTED_INCLUDE_IN_FRAMEWORK_HEADER = YES;
				CLANG_WARN_RANGE_LOOP_ANALYSIS = YES;
				CLANG_WARN_STRICT_PROTOTYPES = YES;
				CLANG_WARN_SUSPICIOUS_MOVE = YES;
				CLANG_WARN_UNGUARDED_AVAILABILITY = YES_AGGRESSIVE;
				CLANG_WARN_UNREACHABLE_CODE = YES;
				CLANG_WARN__DUPLICATE_METHOD_MATCH = YES;
				COPY_PHASE_STRIP = NO;
				DEBUG_INFORMATION_FORMAT = "dwarf-with-dsym";
				ENABLE_NS_ASSERTIONS = NO;
				ENABLE_STRICT_OBJC_MSGSEND = YES;
				ENABLE_USER_SCRIPT_SANDBOXING = YES;
				GCC_C_LANGUAGE_STANDARD = gnu17;
				GCC_NO_COMMON_BLOCKS = YES;
				GCC_WARN_64_TO_32_BIT_CONVERSION = YES;
				GCC_WARN_ABOUT_RETURN_TYPE = YES_ERROR;
				GCC_WARN_UNDECLARED_SELECTOR = YES;
				GCC_WARN_UNINITIALIZED_AUTOS = YES_AGGRESSIVE;
				GCC_WARN_UNUSED_FUNCTION = YES;
				GCC_WARN_UNUSED_VARIABLE = YES;
				IPHONEOS_DEPLOYMENT_TARGET = 17.5;
				LOCALIZATION_PREFERS_STRING_CATALOGS = YES;
				MTL_ENABLE_DEBUG_INFO = NO;
				MTL_FAST_MATH = YES;
				SDKROOT = iphoneos;
				SWIFT_COMPILATION_MODE = wholemodule;
				VALIDATE_PRODUCT = YES;
			};
			name = Release;
		};
		BC8174EF2C8B5B940093920F /* Debug */ = {
			isa = XCBuildConfiguration;
			buildSettings = {
				ASSETCATALOG_COMPILER_APPICON_NAME = AppIcon;
				ASSETCATALOG_COMPILER_GLOBAL_ACCENT_COLOR_NAME = AccentColor;
				CODE_SIGN_STYLE = Automatic;
				CURRENT_PROJECT_VERSION = 1;
				DEVELOPMENT_TEAM = WNPJ6NA9W4;
				GENERATE_INFOPLIST_FILE = YES;
				INFOPLIST_FILE = InoxApp/Info.plist;
				INFOPLIST_KEY_UIApplicationSupportsIndirectInputEvents = YES;
				INFOPLIST_KEY_UILaunchStoryboardName = LaunchScreen;
				INFOPLIST_KEY_UISupportedInterfaceOrientations_iPad = "UIInterfaceOrientationPortrait UIInterfaceOrientationPortraitUpsideDown UIInterfaceOrientationLandscapeLeft UIInterfaceOrientationLandscapeRight";
				INFOPLIST_KEY_UISupportedInterfaceOrientations_iPhone = "UIInterfaceOrientationPortrait UIInterfaceOrientationLandscapeLeft UIInterfaceOrientationLandscapeRight";
				LD_RUNPATH_SEARCH_PATHS = (
					"$(inherited)",
					"@executable_path/Frameworks",
				);
				MARKETING_VERSION = 1.0;
				PRODUCT_BUNDLE_IDENTIFIER = com.sandesh.InoxApp;
				PRODUCT_NAME = "$(TARGET_NAME)";
				SWIFT_EMIT_LOC_STRINGS = YES;
				SWIFT_VERSION = 5.0;
				TARGETED_DEVICE_FAMILY = "1,2";
			};
			name = Debug;
		};
		BC8174F02C8B5B940093920F /* Release */ = {
			isa = XCBuildConfiguration;
			buildSettings = {
				ASSETCATALOG_COMPILER_APPICON_NAME = AppIcon;
				ASSETCATALOG_COMPILER_GLOBAL_ACCENT_COLOR_NAME = AccentColor;
				CODE_SIGN_STYLE = Automatic;
				CURRENT_PROJECT_VERSION = 1;
				DEVELOPMENT_TEAM = WNPJ6NA9W4;
				GENERATE_INFOPLIST_FILE = YES;
				INFOPLIST_FILE = InoxApp/Info.plist;
				INFOPLIST_KEY_UIApplicationSupportsIndirectInputEvents = YES;
				INFOPLIST_KEY_UILaunchStoryboardName = LaunchScreen;
				INFOPLIST_KEY_UISupportedInterfaceOrientations_iPad = "UIInterfaceOrientationPortrait UIInterfaceOrientationPortraitUpsideDown UIInterfaceOrientationLandscapeLeft UIInterfaceOrientationLandscapeRight";
				INFOPLIST_KEY_UISupportedInterfaceOrientations_iPhone = "UIInterfaceOrientationPortrait UIInterfaceOrientationLandscapeLeft UIInterfaceOrientationLandscapeRight";
				LD_RUNPATH_SEARCH_PATHS = (
					"$(inherited)",
					"@executable_path/Frameworks",
				);
				MARKETING_VERSION = 1.0;
				PRODUCT_BUNDLE_IDENTIFIER = com.sandesh.InoxApp;
				PRODUCT_NAME = "$(TARGET_NAME)";
				SWIFT_EMIT_LOC_STRINGS = YES;
				SWIFT_VERSION = 5.0;
				TARGETED_DEVICE_FAMILY = "1,2";
			};
			name = Release;
		};
/* End XCBuildConfiguration section */

/* Begin XCConfigurationList section */
		BC8174D52C8B5B930093920F /* Build configuration list for PBXProject "InoxApp" */ = {
			isa = XCConfigurationList;
			buildConfigurations = (
				BC8174EC2C8B5B940093920F /* Debug */,
				BC8174ED2C8B5B940093920F /* Release */,
			);
			defaultConfigurationIsVisible = 0;
			defaultConfigurationName = Release;
		};
		BC8174EE2C8B5B940093920F /* Build configuration list for PBXNativeTarget "InoxApp" */ = {
			isa = XCConfigurationList;
			buildConfigurations = (
				BC8174EF2C8B5B940093920F /* Debug */,
				BC8174F02C8B5B940093920F /* Release */,
			);
			defaultConfigurationIsVisible = 0;
			defaultConfigurationName = Release;
		};
/* End XCConfigurationList section */
	};
	rootObject = BC8174D22C8B5B930093920F /* Project object */;
}
